<Solution>
  <Folder Name="/src/">
    <Project Path="src/Pi.Agent/Pi.Agent.csproj" />
    <Project Path="src/Pi.Ai/Pi.Ai.csproj" />
    <Project Path="src/Pi.Chord/Pi.Chord.csproj" />
    <Project Path="src/Pi.Client/Pi.Client.csproj" />
    <Project Path="src/Pi.Mcp/Pi.Mcp.csproj" />
    <Project Path="src/Pi.Protocol/Pi.Protocol.csproj" />
    <Project Path="src/Pi.Server/Pi.Server.csproj" />
    <Project Path="src/Pi.Telemetry/Pi.Telemetry.csproj" />
  </Folder>
  <Folder Name="/tests/">
    <Project Path="tests/Pi.Protocol.Tests/Pi.Protocol.Tests.csproj" />
    <Project Path="tests/Pi.Telemetry.Tests/Pi.Telemetry.Tests.csproj" />
  </Folder>
</Solution>
